
Microsoft Visual Studio Solution File, Format Version 12.00
# Visual Studio Version 17
VisualStudioVersion = 17.5.33424.131
MinimumVisualStudioVersion = 10.0.40219.1
Project("{FAE04EC0-301F-11D3-BF4B-00C04F79EFBC}") = "KarateClubBusinessLayer", "KarateClubBusinessLayer.csproj", "{94E692D4-E964-484D-891B-B94C06F65522}"
EndProject
Global
	GlobalSection(SolutionConfigurationPlatforms) = preSolution
		Debug|Any CPU = Debug|Any CPU
		Release|Any CPU = Release|Any CPU
	EndGlobalSection
	GlobalSection(ProjectConfigurationPlatforms) = postSolution
		{94E692D4-E964-484D-891B-B94C06F65522}.Debug|Any CPU.ActiveCfg = Debug|Any CPU
		{94E692D4-E964-484D-891B-B94C06F65522}.Debug|Any CPU.Build.0 = Debug|Any CPU
		{94E692D4-E964-484D-891B-B94C06F65522}.Release|Any CPU.ActiveCfg = Release|Any CPU
		{94E692D4-E964-484D-891B-B94C06F65522}.Release|Any CPU.Build.0 = Release|Any CPU
	EndGlobalSection
	GlobalSection(SolutionProperties) = preSolution
		HideSolutionNode = FALSE
	EndGlobalSection
	GlobalSection(ExtensibilityGlobals) = postSolution
		SolutionGuid = {759B8F46-EC35-4586-BB4A-72AB88710041}
	EndGlobalSection
EndGlobal
