
Microsoft Visual Studio Solution File, Format Version 12.00
# Visual Studio Version 17
VisualStudioVersion = 17.5.33424.131
MinimumVisualStudioVersion = 10.0.40219.1
Project("{FAE04EC0-301F-11D3-BF4B-00C04F79EFBC}") = "KarateClubDataAccessLayer", "KarateClubDataAccessLayer.csproj", "{CE305161-9FB9-40CD-9F52-AFF01B44CF9E}"
EndProject
Global
	GlobalSection(SolutionConfigurationPlatforms) = preSolution
		Debug|Any CPU = Debug|Any CPU
		Release|Any CPU = Release|Any CPU
	EndGlobalSection
	GlobalSection(ProjectConfigurationPlatforms) = postSolution
		{CE305161-9FB9-40CD-9F52-AFF01B44CF9E}.Debug|Any CPU.ActiveCfg = Debug|Any CPU
		{CE305161-9FB9-40CD-9F52-AFF01B44CF9E}.Debug|Any CPU.Build.0 = Debug|Any CPU
		{CE305161-9FB9-40CD-9F52-AFF01B44CF9E}.Release|Any CPU.ActiveCfg = Release|Any CPU
		{CE305161-9FB9-40CD-9F52-AFF01B44CF9E}.Release|Any CPU.Build.0 = Release|Any CPU
	EndGlobalSection
	GlobalSection(SolutionProperties) = preSolution
		HideSolutionNode = FALSE
	EndGlobalSection
	GlobalSection(ExtensibilityGlobals) = postSolution
		SolutionGuid = {72BC006D-8F43-421F-AEF1-B91CED97FA3F}
	EndGlobalSection
EndGlobal
